[[package]]
name = "bidict"
version = "0.22.1"
description = "The bidirectional mapping library for Python."
category = "main"
optional = false
python-versions = ">=3.7"

[package.extras]
docs = ["sphinx", "sphinx-copybutton", "furo"]
lint = ["pre-commit"]
test = ["hypothesis", "pytest", "pytest-benchmark", "pytest-cov", "pytest-xdist", "sortedcollections", "sortedcontainers", "sphinx"]

[[package]]
name = "blinker"
version = "1.6.2"
description = "Fast, simple object-to-object and broadcast signaling"
category = "main"
optional = false
python-versions = ">=3.7"

[[package]]
name = "click"
version = "8.1.4"
description = "Composable command line interface toolkit"
category = "main"
optional = false
python-versions = ">=3.7"

[package.dependencies]
colorama = {version = "*", markers = "platform_system == \"Windows\""}

[[package]]
name = "colorama"
version = "0.4.6"
description = "Cross-platform colored terminal text."
category = "main"
optional = false
python-versions = "!=3.0.*,!=3.1.*,!=3.2.*,!=3.3.*,!=3.4.*,!=3.5.*,!=3.6.*,>=2.7"

[[package]]
name = "dnspython"
version = "2.3.0"
description = "DNS toolkit"
category = "main"
optional = false
python-versions = ">=3.7,<4.0"

[package.extras]
doq = ["aioquic (>=0.9.20)"]
dnssec = ["cryptography (>=2.6,<40.0)"]
curio = ["curio (>=1.2,<2.0)", "sniffio (>=1.1,<2.0)"]
doh = ["h2 (>=4.1.0)", "httpx (>=0.21.1)", "requests (>=2.23.0,<3.0.0)", "requests-toolbelt (>=0.9.1,<0.11.0)"]
idna = ["idna (>=2.1,<4.0)"]
trio = ["trio (>=0.14,<0.23)"]
wmi = ["wmi (>=1.5.1,<2.0.0)"]

[[package]]
name = "flask"
version = "2.3.2"
description = "A simple framework for building complex web applications."
category = "main"
optional = false
python-versions = ">=3.8"

[package.dependencies]
blinker = ">=1.6.2"
click = ">=8.1.3"
itsdangerous = ">=2.1.2"
Jinja2 = ">=3.1.2"
Werkzeug = ">=2.3.3"

[package.extras]
async = ["asgiref (>=3.2)"]
dotenv = ["python-dotenv"]

[[package]]
name = "flask-socketio"
version = "5.3.4"
description = "Socket.IO integration for Flask applications"
category = "main"
optional = false
python-versions = ">=3.6"

[package.dependencies]
Flask = ">=0.9"
python-socketio = ">=5.0.2"

[[package]]
name = "itsdangerous"
version = "2.1.2"
description = "Safely pass data to untrusted environments and back."
category = "main"
optional = false
python-versions = ">=3.7"

[[package]]
name = "jinja2"
version = "3.1.2"
description = "A very fast and expressive template engine."
category = "main"
optional = false
python-versions = ">=3.7"

[package.dependencies]
MarkupSafe = ">=2.0"

[package.extras]
i18n = ["Babel (>=2.7)"]

[[package]]
name = "markupsafe"
version = "2.1.3"
description = "Safely add untrusted strings to HTML/XML markup."
category = "main"
optional = false
python-versions = ">=3.7"

[[package]]
name = "pymongo"
version = "4.4.0"
description = "Python driver for MongoDB <http://www.mongodb.org>"
category = "main"
optional = false
python-versions = ">=3.7"

[package.dependencies]
dnspython = ">=1.16.0,<3.0.0"

[package.extras]
aws = ["pymongo-auth-aws (<2.0.0)"]
encryption = ["pymongo", "pymongocrypt (>=1.6.0,<2.0.0)"]
gssapi = ["pykerberos", "winkerberos (>=0.5.0)"]
ocsp = ["pyopenssl (>=17.2.0)", "requests (<3.0.0)", "service-identity (>=18.1.0)", "certifi"]
snappy = ["python-snappy"]
zstd = ["zstandard"]

[[package]]
name = "python-engineio"
version = "4.5.1"
description = "Engine.IO server and client for Python"
category = "main"
optional = false
python-versions = ">=3.6"

[package.extras]
asyncio_client = ["aiohttp (>=3.4)"]
client = ["requests (>=2.21.0)", "websocket-client (>=0.54.0)"]
docs = ["sphinx"]

[[package]]
name = "python-socketio"
version = "5.8.0"
description = "Socket.IO server and client for Python"
category = "main"
optional = false
python-versions = ">=3.6"

[package.dependencies]
bidict = ">=0.21.0"
python-engineio = ">=4.3.0"

[package.extras]
asyncio_client = ["aiohttp (>=3.4)"]
client = ["requests (>=2.21.0)", "websocket-client (>=0.54.0)"]

[[package]]
name = "werkzeug"
version = "2.3.6"
description = "The comprehensive WSGI web application library."
category = "main"
optional = false
python-versions = ">=3.8"

[package.dependencies]
MarkupSafe = ">=2.1.1"

[package.extras]
watchdog = ["watchdog (>=2.3)"]

[metadata]
lock-version = "1.1"
python-versions = "^3.10"
content-hash = "f53bfd0473cd07db2300cc5d4b1b49d54dbaf389ef8ca964192649b6d9f9dee4"

[metadata.files]
bidict = []
blinker = []
click = []
colorama = []
dnspython = []
flask = []
flask-socketio = []
itsdangerous = []
jinja2 = []
markupsafe = []
pymongo = []
python-engineio = []
python-socketio = []
werkzeug = []
